{
  "name": "miniprogram-ts-less-quickstart",
  "version": "1.0.0",
  "lockfileVersion": 1,
  "requires": true,
  "dependencies": {
    "@reactivex/rxjs": {
      "version": "6.6.7",
      "resolved": "https://registry.npmmirror.com/@reactivex/rxjs/-/rxjs-6.6.7.tgz",
      "integrity": "sha512-xZIV2JgHhWoVPm3uVcFbZDRVJfx2hgqmuTX7J4MuKaZ+j5jN29agniCPBwrlCmpA15/zLKcPi7/bogt0ZwOFyA==",
      "requires": {
        "tslib": "^1.9.0"
      },
      "dependencies": {
        "tslib": {
          "version": "1.14.1",
          "resolved": "https://registry.npmmirror.com/tslib/-/tslib-1.14.1.tgz",
          "integrity": "sha512-Xni35NKzjgMrwevysHTCArtLDpPvye8zV/0E4EyYn43P7/7qvQwPh9BGkHewbMulVntbigmcT7rdX3BNo9wRJg=="
        }
      }
    },
    "rxjs": {
      "version": "7.5.7",
      "resolved": "https://registry.npmmirror.com/rxjs/-/rxjs-7.5.7.tgz",
      "integrity": "sha512-z9MzKh/UcOqB3i20H6rtrlaE/CgjLOvheWK/9ILrbhROGTweAi1BaFsTT9FbwZi5Trr1qNRs+MXkhmR06awzQA==",
      "requires": {
        "tslib": "^2.1.0"
      }
    },
    "tslib": {
      "version": "2.4.0",
      "resolved": "https://registry.npmmirror.com/tslib/-/tslib-2.4.0.tgz",
      "integrity": "sha512-d6xOpEDfsi2CZVlPQzGeux8XMwLT9hssAsaPYExaQMuYskwb+x1x7J371tWlbBdWHroy99KnVB6qIkUbs5X3UQ=="
    }
  }
}
